
Microsoft Visual Studio Solution File, Format Version 12.00
# Visual Studio Version 16
VisualStudioVersion = 16.0.31702.278
MinimumVisualStudioVersion = 10.0.40219.1
Project("{FAE04EC0-301F-11D3-BF4B-00C04F79EFBC}") = "OtomasyonProgramOrnek", "OtomasyonProgramOrnek\OtomasyonProgramOrnek.csproj", "{27507D5D-9E52-4BFF-A5C9-2C841FD2FD41}"
EndProject
Global
	GlobalSection(SolutionConfigurationPlatforms) = preSolution
		Debug|Any CPU = Debug|Any CPU
		Release|Any CPU = Release|Any CPU
	EndGlobalSection
	GlobalSection(ProjectConfigurationPlatforms) = postSolution
		{27507D5D-9E52-4BFF-A5C9-2C841FD2FD41}.Debug|Any CPU.ActiveCfg = Debug|Any CPU
		{27507D5D-9E52-4BFF-A5C9-2C841FD2FD41}.Debug|Any CPU.Build.0 = Debug|Any CPU
		{27507D5D-9E52-4BFF-A5C9-2C841FD2FD41}.Release|Any CPU.ActiveCfg = Release|Any CPU
		{27507D5D-9E52-4BFF-A5C9-2C841FD2FD41}.Release|Any CPU.Build.0 = Release|Any CPU
	EndGlobalSection
	GlobalSection(SolutionProperties) = preSolution
		HideSolutionNode = FALSE
	EndGlobalSection
	GlobalSection(ExtensibilityGlobals) = postSolution
		SolutionGuid = {134AE2C4-7683-4D57-A08F-D85322848CBE}
	EndGlobalSection
EndGlobal
